// !$*UTF8*$!
{
	archiveVersion = 1;
	classes = {
	};
	objectVersion = 77;
	objects = {

/* Begin PBXBuildFile section */
		5FF5801A2F7B36200080011A /* DeviceActivity.framework in Frameworks */ = {isa = PBXBuildFile; fileRef = 5FF580192F7B36200080011A /* DeviceActivity.framework */; };
		5FF580222F7B36200080011A /* MorningGuardExtension MorningGuardExtension MorningGuardExtension.appex in Embed Foundation Extensions */ = {isa = PBXBuildFile; fileRef = 5FF580172F7B36200080011A /* MorningGuardExtension MorningGuardExtension MorningGuardExtension.appex */; settings = {ATTRIBUTES = (RemoveHeadersOnCopy, ); }; };
		5FF580312F7B95C80080011A /* ManagedSettings.framework in Frameworks */ = {isa = PBXBuildFile; fileRef = 5FF580302F7B95C80080011A /* ManagedSettings.framework */; };
		5FF5803B2F7B95C80080011A /* MorningGuardShield.appex in Embed Foundation Extensions */ = {isa = PBXBuildFile; fileRef = 5FF5802F2F7B95C80080011A /* MorningGuardShield.appex */; settings = {ATTRIBUTES = (RemoveHeadersOnCopy, ); }; };
		5FF580442F7BA5280080011A /* FamilyControls.framework in Frameworks */ = {isa = PBXBuildFile; fileRef = 5FF580432F7BA5270080011A /* FamilyControls.framework */; };
		5FF580472F7BA5340080011A /* ManagedSettings.framework in Frameworks */ = {isa = PBXBuildFile; fileRef = 5FF580452F7BA5340080011A /* ManagedSettings.framework */; };
		5FF580482F7BA5340080011A /* ManagedSettingsUI.framework in Frameworks */ = {isa = PBXBuildFile; fileRef = 5FF580462F7BA5340080011A /* ManagedSettingsUI.framework */; };
		5FF5804A2F7BA53D0080011A /* DeviceActivity.framework in Frameworks */ = {isa = PBXBuildFile; fileRef = 5FF580492F7BA53D0080011A /* DeviceActivity.framework */; };
		5FF5804B2F7BA5610080011A /* ManagedSettings.framework in Frameworks */ = {isa = PBXBuildFile; fileRef = 5FF580452F7BA5340080011A /* ManagedSettings.framework */; };
/* End PBXBuildFile section */

/* Begin PBXContainerItemProxy section */
		5FF57FE32F7B2C8D0080011A /* PBXContainerItemProxy */ = {
			isa = PBXContainerItemProxy;
			containerPortal = 5FF57FCD2F7B2C8A0080011A /* Project object */;
			proxyType = 1;
			remoteGlobalIDString = 5FF57FD42F7B2C8A0080011A;
			remoteInfo = MorningGuard;
		};
		5FF57FED2F7B2C8E0080011A /* PBXContainerItemProxy */ = {
			isa = PBXContainerItemProxy;
			containerPortal = 5FF57FCD2F7B2C8A0080011A /* Project object */;
			proxyType = 1;
			remoteGlobalIDString = 5FF57FD42F7B2C8A0080011A;
			remoteInfo = MorningGuard;
		};
		5FF580202F7B36200080011A /* PBXContainerItemProxy */ = {
			isa = PBXContainerItemProxy;
			containerPortal = 5FF57FCD2F7B2C8A0080011A /* Project object */;
			proxyType = 1;
			remoteGlobalIDString = 5FF580162F7B36200080011A;
			remoteInfo = "MorningGuardExtension MorningGuardExtension MorningGuardExtension";
		};
		5FF580392F7B95C80080011A /* PBXContainerItemProxy */ = {
			isa = PBXContainerItemProxy;
			containerPortal = 5FF57FCD2F7B2C8A0080011A /* Project object */;
			proxyType = 1;
			remoteGlobalIDString = 5FF5802E2F7B95C80080011A;
			remoteInfo = MorningGuardShield;
		};
/* End PBXContainerItemProxy section */

/* Begin PBXCopyFilesBuildPhase section */
		5FF580272F7B36200080011A /* Embed Foundation Extensions */ = {
			isa = PBXCopyFilesBuildPhase;
			buildActionMask = 2147483647;
			dstPath = "";
			dstSubfolderSpec = 13;
			files = (
				5FF5803B2F7B95C80080011A /* MorningGuardShield.appex in Embed Foundation Extensions */,
				5FF580222F7B36200080011A /* MorningGuardExtension MorningGuardExtension MorningGuardExtension.appex in Embed Foundation Extensions */,
			);
			name = "Embed Foundation Extensions";
			runOnlyForDeploymentPostprocessing = 0;
		};
/* End PBXCopyFilesBuildPhase section */

/* Begin PBXFileReference section */
		5FF57FD52F7B2C8A0080011A /* MorningGuard.app */ = {isa = PBXFileReference; explicitFileType = wrapper.application; includeInIndex = 0; path = MorningGuard.app; sourceTree = BUILT_PRODUCTS_DIR; };
		5FF57FE22F7B2C8D0080011A /* MorningGuardTests.xctest */ = {isa = PBXFileReference; explicitFileType = wrapper.cfbundle; includeInIndex = 0; path = MorningGuardTests.xctest; sourceTree = BUILT_PRODUCTS_DIR; };
		5FF57FEC2F7B2C8E0080011A /* MorningGuardUITests.xctest */ = {isa = PBXFileReference; explicitFileType = wrapper.cfbundle; includeInIndex = 0; path = MorningGuardUITests.xctest; sourceTree = BUILT_PRODUCTS_DIR; };
		5FF580172F7B36200080011A /* MorningGuardExtension MorningGuardExtension MorningGuardExtension.appex */ = {isa = PBXFileReference; explicitFileType = "wrapper.app-extension"; includeInIndex = 0; path = "MorningGuardExtension MorningGuardExtension MorningGuardExtension.appex"; sourceTree = BUILT_PRODUCTS_DIR; };
		5FF580192F7B36200080011A /* DeviceActivity.framework */ = {isa = PBXFileReference; lastKnownFileType = wrapper.framework; name = DeviceActivity.framework; path = System/Library/Frameworks/DeviceActivity.framework; sourceTree = SDKROOT; };
		5FF5802F2F7B95C80080011A /* MorningGuardShield.appex */ = {isa = PBXFileReference; explicitFileType = "wrapper.app-extension"; includeInIndex = 0; path = MorningGuardShield.appex; sourceTree = BUILT_PRODUCTS_DIR; };
		5FF580302F7B95C80080011A /* ManagedSettings.framework */ = {isa = PBXFileReference; lastKnownFileType = wrapper.framework; name = ManagedSettings.framework; path = System/Library/Frameworks/ManagedSettings.framework; sourceTree = SDKROOT; };
		5FF580432F7BA5270080011A /* FamilyControls.framework */ = {isa = PBXFileReference; lastKnownFileType = wrapper.framework; name = FamilyControls.framework; path = Platforms/iPhoneOS.platform/Developer/SDKs/iPhoneOS26.2.sdk/System/Library/Frameworks/FamilyControls.framework; sourceTree = DEVELOPER_DIR; };
		5FF580452F7BA5340080011A /* ManagedSettings.framework */ = {isa = PBXFileReference; lastKnownFileType = wrapper.framework; name = ManagedSettings.framework; path = Platforms/iPhoneOS.platform/Developer/SDKs/iPhoneOS26.2.sdk/System/Library/Frameworks/ManagedSettings.framework; sourceTree = DEVELOPER_DIR; };
		5FF580462F7BA5340080011A /* ManagedSettingsUI.framework */ = {isa = PBXFileReference; lastKnownFileType = wrapper.framework; name = ManagedSettingsUI.framework; path = Platforms/iPhoneOS.platform/Developer/SDKs/iPhoneOS26.2.sdk/System/Library/Frameworks/ManagedSettingsUI.framework; sourceTree = DEVELOPER_DIR; };
		5FF580492F7BA53D0080011A /* DeviceActivity.framework */ = {isa = PBXFileReference; lastKnownFileType = wrapper.framework; name = DeviceActivity.framework; path = Platforms/iPhoneOS.platform/Developer/SDKs/iPhoneOS26.2.sdk/System/Library/Frameworks/DeviceActivity.framework; sourceTree = DEVELOPER_DIR; };
/* End PBXFileReference section */

/* Begin PBXFileSystemSynchronizedBuildFileExceptionSet section */
		5FF580232F7B36200080011A /* Exceptions for "MorningGuardExtension MorningGuardExtension MorningGuardExtension" folder in "MorningGuardExtension MorningGuardExtension MorningGuardExtension" target */ = {
			isa = PBXFileSystemSynchronizedBuildFileExceptionSet;
			membershipExceptions = (
				Info.plist,
			);
			target = 5FF580162F7B36200080011A /* MorningGuardExtension MorningGuardExtension MorningGuardExtension */;
		};
		5FF5803C2F7B95C80080011A /* Exceptions for "MorningGuardShield" folder in "MorningGuardShield" target */ = {
			isa = PBXFileSystemSynchronizedBuildFileExceptionSet;
			membershipExceptions = (
				Info.plist,
			);
			target = 5FF5802E2F7B95C80080011A /* MorningGuardShield */;
		};
/* End PBXFileSystemSynchronizedBuildFileExceptionSet section */

/* Begin PBXFileSystemSynchronizedRootGroup section */
		5FF57FD72F7B2C8A0080011A /* MorningGuard */ = {
			isa = PBXFileSystemSynchronizedRootGroup;
			path = MorningGuard;
			sourceTree = "<group>";
		};
		5FF57FE52F7B2C8D0080011A /* MorningGuardTests */ = {
			isa = PBXFileSystemSynchronizedRootGroup;
			path = MorningGuardTests;
			sourceTree = "<group>";
		};
		5FF57FEF2F7B2C8E0080011A /* MorningGuardUITests */ = {
			isa = PBXFileSystemSynchronizedRootGroup;
			path = MorningGuardUITests;
			sourceTree = "<group>";
		};
		5FF5801B2F7B36200080011A /* MorningGuardExtension MorningGuardExtension MorningGuardExtension */ = {
			isa = PBXFileSystemSynchronizedRootGroup;
			exceptions = (
				5FF580232F7B36200080011A /* Exceptions for "MorningGuardExtension MorningGuardExtension MorningGuardExtension" folder in "MorningGuardExtension MorningGuardExtension MorningGuardExtension" target */,
			);
			path = "MorningGuardExtension MorningGuardExtension MorningGuardExtension";
			sourceTree = "<group>";
		};
		5FF580342F7B95C80080011A /* MorningGuardShield */ = {
			isa = PBXFileSystemSynchronizedRootGroup;
			exceptions = (
				5FF5803C2F7B95C80080011A /* Exceptions for "MorningGuardShield" folder in "MorningGuardShield" target */,
			);
			path = MorningGuardShield;
			sourceTree = "<group>";
		};
/* End PBXFileSystemSynchronizedRootGroup section */

/* Begin PBXFrameworksBuildPhase section */
		5FF57FD22F7B2C8A0080011A /* Frameworks */ = {
			isa = PBXFrameworksBuildPhase;
			buildActionMask = 2147483647;
			files = (
				5FF580442F7BA5280080011A /* FamilyControls.framework in Frameworks */,
				5FF5804A2F7BA53D0080011A /* DeviceActivity.framework in Frameworks */,
				5FF580472F7BA5340080011A /* ManagedSettings.framework in Frameworks */,
				5FF580482F7BA5340080011A /* ManagedSettingsUI.framework in Frameworks */,
			);
			runOnlyForDeploymentPostprocessing = 0;
		};
		5FF57FDF2F7B2C8D0080011A /* Frameworks */ = {
			isa = PBXFrameworksBuildPhase;
			buildActionMask = 2147483647;
			files = (
			);
			runOnlyForDeploymentPostprocessing = 0;
		};
		5FF57FE92F7B2C8E0080011A /* Frameworks */ = {
			isa = PBXFrameworksBuildPhase;
			buildActionMask = 2147483647;
			files = (
			);
			runOnlyForDeploymentPostprocessing = 0;
		};
		5FF580142F7B36200080011A /* Frameworks */ = {
			isa = PBXFrameworksBuildPhase;
			buildActionMask = 2147483647;
			files = (
				5FF5801A2F7B36200080011A /* DeviceActivity.framework in Frameworks */,
				5FF5804B2F7BA5610080011A /* ManagedSettings.framework in Frameworks */,
			);
			runOnlyForDeploymentPostprocessing = 0;
		};
		5FF5802C2F7B95C80080011A /* Frameworks */ = {
			isa = PBXFrameworksBuildPhase;
			buildActionMask = 2147483647;
			files = (
				5FF580312F7B95C80080011A /* ManagedSettings.framework in Frameworks */,
			);
			runOnlyForDeploymentPostprocessing = 0;
		};
/* End PBXFrameworksBuildPhase section */

/* Begin PBXGroup section */
		5FF57FCC2F7B2C8A0080011A = {
			isa = PBXGroup;
			children = (
				5FF57FD72F7B2C8A0080011A /* MorningGuard */,
				5FF57FE52F7B2C8D0080011A /* MorningGuardTests */,
				5FF57FEF2F7B2C8E0080011A /* MorningGuardUITests */,
				5FF5801B2F7B36200080011A /* MorningGuardExtension MorningGuardExtension MorningGuardExtension */,
				5FF580342F7B95C80080011A /* MorningGuardShield */,
				5FF580182F7B36200080011A /* Frameworks */,
				5FF57FD62F7B2C8A0080011A /* Products */,
			);
			sourceTree = "<group>";
		};
		5FF57FD62F7B2C8A0080011A /* Products */ = {
			isa = PBXGroup;
			children = (
				5FF57FD52F7B2C8A0080011A /* MorningGuard.app */,
				5FF57FE22F7B2C8D0080011A /* MorningGuardTests.xctest */,
				5FF57FEC2F7B2C8E0080011A /* MorningGuardUITests.xctest */,
				5FF580172F7B36200080011A /* MorningGuardExtension MorningGuardExtension MorningGuardExtension.appex */,
				5FF5802F2F7B95C80080011A /* MorningGuardShield.appex */,
			);
			name = Products;
			sourceTree = "<group>";
		};
		5FF580182F7B36200080011A /* Frameworks */ = {
			isa = PBXGroup;
			children = (
				5FF580492F7BA53D0080011A /* DeviceActivity.framework */,
				5FF580452F7BA5340080011A /* ManagedSettings.framework */,
				5FF580462F7BA5340080011A /* ManagedSettingsUI.framework */,
				5FF580432F7BA5270080011A /* FamilyControls.framework */,
				5FF580192F7B36200080011A /* DeviceActivity.framework */,
				5FF580302F7B95C80080011A /* ManagedSettings.framework */,
			);
			name = Frameworks;
			sourceTree = "<group>";
		};
/* End PBXGroup section */

/* Begin PBXNativeTarget section */
		5FF57FD42F7B2C8A0080011A /* MorningGuard */ = {
			isa = PBXNativeTarget;
			buildConfigurationList = 5FF57FF62F7B2C8E0080011A /* Build configuration list for PBXNativeTarget "MorningGuard" */;
			buildPhases = (
				5FF57FD12F7B2C8A0080011A /* Sources */,
				5FF57FD22F7B2C8A0080011A /* Frameworks */,
				5FF57FD32F7B2C8A0080011A /* Resources */,
				5FF580272F7B36200080011A /* Embed Foundation Extensions */,
			);
			buildRules = (
			);
			dependencies = (
				5FF580212F7B36200080011A /* PBXTargetDependency */,
				5FF5803A2F7B95C80080011A /* PBXTargetDependency */,
			);
			fileSystemSynchronizedGroups = (
				5FF57FD72F7B2C8A0080011A /* MorningGuard */,
			);
			name = MorningGuard;
			packageProductDependencies = (
			);
			productName = MorningGuard;
			productReference = 5FF57FD52F7B2C8A0080011A /* MorningGuard.app */;
			productType = "com.apple.product-type.application";
		};
		5FF57FE12F7B2C8D0080011A /* MorningGuardTests */ = {
			isa = PBXNativeTarget;
			buildConfigurationList = 5FF57FF92F7B2C8E0080011A /* Build configuration list for PBXNativeTarget "MorningGuardTests" */;
			buildPhases = (
				5FF57FDE2F7B2C8D0080011A /* Sources */,
				5FF57FDF2F7B2C8D0080011A /* Frameworks */,
				5FF57FE02F7B2C8D0080011A /* Resources */,
			);
			buildRules = (
			);
			dependencies = (
				5FF57FE42F7B2C8D0080011A /* PBXTargetDependency */,
			);
			fileSystemSynchronizedGroups = (
				5FF57FE52F7B2C8D0080011A /* MorningGuardTests */,
			);
			name = MorningGuardTests;
			packageProductDependencies = (
			);
			productName = MorningGuardTests;
			productReference = 5FF57FE22F7B2C8D0080011A /* MorningGuardTests.xctest */;
			productType = "com.apple.product-type.bundle.unit-test";
		};
		5FF57FEB2F7B2C8E0080011A /* MorningGuardUITests */ = {
			isa = PBXNativeTarget;
			buildConfigurationList = 5FF57FFC2F7B2C8E0080011A /* Build configuration list for PBXNativeTarget "MorningGuardUITests" */;
			buildPhases = (
				5FF57FE82F7B2C8E0080011A /* Sources */,
				5FF57FE92F7B2C8E0080011A /* Frameworks */,
				5FF57FEA2F7B2C8E0080011A /* Resources */,
			);
			buildRules = (
			);
			dependencies = (
				5FF57FEE2F7B2C8E0080011A /* PBXTargetDependency */,
			);
			fileSystemSynchronizedGroups = (
				5FF57FEF2F7B2C8E0080011A /* MorningGuardUITests */,
			);
			name = MorningGuardUITests;
			packageProductDependencies = (
			);
			productName = MorningGuardUITests;
			productReference = 5FF57FEC2F7B2C8E0080011A /* MorningGuardUITests.xctest */;
			productType = "com.apple.product-type.bundle.ui-testing";
		};
		5FF580162F7B36200080011A /* MorningGuardExtension MorningGuardExtension MorningGuardExtension */ = {
			isa = PBXNativeTarget;
			buildConfigurationList = 5FF580242F7B36200080011A /* Build configuration list for PBXNativeTarget "MorningGuardExtension MorningGuardExtension MorningGuardExtension" */;
			buildPhases = (
				5FF580132F7B36200080011A /* Sources */,
				5FF580142F7B36200080011A /* Frameworks */,
				5FF580152F7B36200080011A /* Resources */,
			);
			buildRules = (
			);
			dependencies = (
			);
			fileSystemSynchronizedGroups = (
				5FF5801B2F7B36200080011A /* MorningGuardExtension MorningGuardExtension MorningGuardExtension */,
			);
			name = "MorningGuardExtension MorningGuardExtension MorningGuardExtension";
			packageProductDependencies = (
			);
			productName = "MorningGuardExtension MorningGuardExtension MorningGuardExtension";
			productReference = 5FF580172F7B36200080011A /* MorningGuardExtension MorningGuardExtension MorningGuardExtension.appex */;
			productType = "com.apple.product-type.app-extension";
		};
		5FF5802E2F7B95C80080011A /* MorningGuardShield */ = {
			isa = PBXNativeTarget;
			buildConfigurationList = 5FF5803D2F7B95C80080011A /* Build configuration list for PBXNativeTarget "MorningGuardShield" */;
			buildPhases = (
				5FF5802B2F7B95C80080011A /* Sources */,
				5FF5802C2F7B95C80080011A /* Frameworks */,
				5FF5802D2F7B95C80080011A /* Resources */,
			);
			buildRules = (
			);
			dependencies = (
			);
			fileSystemSynchronizedGroups = (
				5FF580342F7B95C80080011A /* MorningGuardShield */,
			);
			name = MorningGuardShield;
			packageProductDependencies = (
			);
			productName = MorningGuardShield;
			productReference = 5FF5802F2F7B95C80080011A /* MorningGuardShield.appex */;
			productType = "com.apple.product-type.app-extension";
		};
/* End PBXNativeTarget section */

/* Begin PBXProject section */
		5FF57FCD2F7B2C8A0080011A /* Project object */ = {
			isa = PBXProject;
			attributes = {
				BuildIndependentTargetsInParallel = 1;
				LastSwiftUpdateCheck = 2620;
				LastUpgradeCheck = 2620;
				TargetAttributes = {
					5FF57FD42F7B2C8A0080011A = {
						CreatedOnToolsVersion = 26.2;
					};
					5FF57FE12F7B2C8D0080011A = {
						CreatedOnToolsVersion = 26.2;
						TestTargetID = 5FF57FD42F7B2C8A0080011A;
					};
					5FF57FEB2F7B2C8E0080011A = {
						CreatedOnToolsVersion = 26.2;
						TestTargetID = 5FF57FD42F7B2C8A0080011A;
					};
					5FF580162F7B36200080011A = {
						CreatedOnToolsVersion = 26.2;
						LastSwiftMigration = 2620;
					};
					5FF5802E2F7B95C80080011A = {
						CreatedOnToolsVersion = 26.2;
						LastSwiftMigration = 2620;
					};
				};
			};
			buildConfigurationList = 5FF57FD02F7B2C8A0080011A /* Build configuration list for PBXProject "MorningGuard" */;
			developmentRegion = en;
			hasScannedForEncodings = 0;
			knownRegions = (
				en,
				Base,
			);
			mainGroup = 5FF57FCC2F7B2C8A0080011A;
			minimizedProjectReferenceProxies = 1;
			preferredProjectObjectVersion = 77;
			productRefGroup = 5FF57FD62F7B2C8A0080011A /* Products */;
			projectDirPath = "";
			projectRoot = "";
			targets = (
				5FF57FD42F7B2C8A0080011A /* MorningGuard */,
				5FF57FE12F7B2C8D0080011A /* MorningGuardTests */,
				5FF57FEB2F7B2C8E0080011A /* MorningGuardUITests */,
				5FF580162F7B36200080011A /* MorningGuardExtension MorningGuardExtension MorningGuardExtension */,
				5FF5802E2F7B95C80080011A /* MorningGuardShield */,
			);
		};
/* End PBXProject section */

/* Begin PBXResourcesBuildPhase section */
		5FF57FD32F7B2C8A0080011A /* Resources */ = {
			isa = PBXResourcesBuildPhase;
			buildActionMask = 2147483647;
			files = (
			);
			runOnlyForDeploymentPostprocessing = 0;
		};
		5FF57FE02F7B2C8D0080011A /* Resources */ = {
			isa = PBXResourcesBuildPhase;
			buildActionMask = 2147483647;
			files = (
			);
			runOnlyForDeploymentPostprocessing = 0;
		};
		5FF57FEA2F7B2C8E0080011A /* Resources */ = {
			isa = PBXResourcesBuildPhase;
			buildActionMask = 2147483647;
			files = (
			);
			runOnlyForDeploymentPostprocessing = 0;
		};
		5FF580152F7B36200080011A /* Resources */ = {
			isa = PBXResourcesBuildPhase;
			buildActionMask = 2147483647;
			files = (
			);
			runOnlyForDeploymentPostprocessing = 0;
		};
		5FF5802D2F7B95C80080011A /* Resources */ = {
			isa = PBXResourcesBuildPhase;
			buildActionMask = 2147483647;
			files = (
			);
			runOnlyForDeploymentPostprocessing = 0;
		};
/* End PBXResourcesBuildPhase section */

/* Begin PBXSourcesBuildPhase section */
		5FF57FD12F7B2C8A0080011A /* Sources */ = {
			isa = PBXSourcesBuildPhase;
			buildActionMask = 2147483647;
			files = (
			);
			runOnlyForDeploymentPostprocessing = 0;
		};
		5FF57FDE2F7B2C8D0080011A /* Sources */ = {
			isa = PBXSourcesBuildPhase;
			buildActionMask = 2147483647;
			files = (
			);
			runOnlyForDeploymentPostprocessing = 0;
		};
		5FF57FE82F7B2C8E0080011A /* Sources */ = {
			isa = PBXSourcesBuildPhase;
			buildActionMask = 2147483647;
			files = (
			);
			runOnlyForDeploymentPostprocessing = 0;
		};
		5FF580132F7B36200080011A /* Sources */ = {
			isa = PBXSourcesBuildPhase;
			buildActionMask = 2147483647;
			files = (
			);
			runOnlyForDeploymentPostprocessing = 0;
		};
		5FF5802B2F7B95C80080011A /* Sources */ = {
			isa = PBXSourcesBuildPhase;
			buildActionMask = 2147483647;
			files = (
			);
			runOnlyForDeploymentPostprocessing = 0;
		};
/* End PBXSourcesBuildPhase section */

/* Begin PBXTargetDependency section */
		5FF57FE42F7B2C8D0080011A /* PBXTargetDependency */ = {
			isa = PBXTargetDependency;
			target = 5FF57FD42F7B2C8A0080011A /* MorningGuard */;
			targetProxy = 5FF57FE32F7B2C8D0080011A /* PBXContainerItemProxy */;
		};
		5FF57FEE2F7B2C8E0080011A /* PBXTargetDependency */ = {
			isa = PBXTargetDependency;
			target = 5FF57FD42F7B2C8A0080011A /* MorningGuard */;
			targetProxy = 5FF57FED2F7B2C8E0080011A /* PBXContainerItemProxy */;
		};
		5FF580212F7B36200080011A /* PBXTargetDependency */ = {
			isa = PBXTargetDependency;
			target = 5FF580162F7B36200080011A /* MorningGuardExtension MorningGuardExtension MorningGuardExtension */;
			targetProxy = 5FF580202F7B36200080011A /* PBXContainerItemProxy */;
		};
		5FF5803A2F7B95C80080011A /* PBXTargetDependency */ = {
			isa = PBXTargetDependency;
			target = 5FF5802E2F7B95C80080011A /* MorningGuardShield */;
			targetProxy = 5FF580392F7B95C80080011A /* PBXContainerItemProxy */;
		};
/* End PBXTargetDependency section */

/* Begin XCBuildConfiguration section */
		5FF57FF42F7B2C8E0080011A /* Debug */ = {
			isa = XCBuildConfiguration;
			buildSettings = {
				ALWAYS_SEARCH_USER_PATHS = NO;
				ASSETCATALOG_COMPILER_GENERATE_SWIFT_ASSET_SYMBOL_EXTENSIONS = YES;
				CLANG_ANALYZER_NONNULL = YES;
				CLANG_ANALYZER_NUMBER_OBJECT_CONVERSION = YES_AGGRESSIVE;
				CLANG_CXX_LANGUAGE_STANDARD = "gnu++20";
				CLANG_ENABLE_MODULES = YES;
				CLANG_ENABLE_OBJC_ARC = YES;
				CLANG_ENABLE_OBJC_WEAK = YES;
				CLANG_WARN_BLOCK_CAPTURE_AUTORELEASING = YES;
				CLANG_WARN_BOOL_CONVERSION = YES;
				CLANG_WARN_COMMA = YES;
				CLANG_WARN_CONSTANT_CONVERSION = YES;
				CLANG_WARN_DEPRECATED_OBJC_IMPLEMENTATIONS = YES;
				CLANG_WARN_DIRECT_OBJC_ISA_USAGE = YES_ERROR;
				CLANG_WARN_DOCUMENTATION_COMMENTS = YES;
				CLANG_WARN_EMPTY_BODY = YES;
				CLANG_WARN_ENUM_CONVERSION = YES;
				CLANG_WARN_INFINITE_RECURSION = YES;
				CLANG_WARN_INT_CONVERSION = YES;
				CLANG_WARN_NON_LITERAL_NULL_CONVERSION = YES;
				CLANG_WARN_OBJC_IMPLICIT_RETAIN_SELF = YES;
				CLANG_WARN_OBJC_LITERAL_CONVERSION = YES;
				CLANG_WARN_OBJC_ROOT_CLASS = YES_ERROR;
				CLANG_WARN_QUOTED_INCLUDE_IN_FRAMEWORK_HEADER = YES;
				CLANG_WARN_RANGE_LOOP_ANALYSIS = YES;
				CLANG_WARN_STRICT_PROTOTYPES = YES;
				CLANG_WARN_SUSPICIOUS_MOVE = YES;
				CLANG_WARN_UNGUARDED_AVAILABILITY = YES_AGGRESSIVE;
				CLANG_WARN_UNREACHABLE_CODE = YES;
				CLANG_WARN__DUPLICATE_METHOD_MATCH = YES;
				COPY_PHASE_STRIP = NO;
				DEBUG_INFORMATION_FORMAT = dwarf;
				ENABLE_STRICT_OBJC_MSGSEND = YES;
				ENABLE_TESTABILITY = YES;
				ENABLE_USER_SCRIPT_SANDBOXING = YES;
				GCC_C_LANGUAGE_STANDARD = gnu17;
				GCC_DYNAMIC_NO_PIC = NO;
				GCC_NO_COMMON_BLOCKS = YES;
				GCC_OPTIMIZATION_LEVEL = 0;
				GCC_PREPROCESSOR_DEFINITIONS = (
					"DEBUG=1",
					"$(inherited)",
				);
				GCC_WARN_64_TO_32_BIT_CONVERSION = YES;
				GCC_WARN_ABOUT_RETURN_TYPE = YES_ERROR;
				GCC_WARN_UNDECLARED_SELECTOR = YES;
				GCC_WARN_UNINITIALIZED_AUTOS = YES_AGGRESSIVE;
				GCC_WARN_UNUSED_FUNCTION = YES;
				GCC_WARN_UNUSED_VARIABLE = YES;
				LOCALIZATION_PREFERS_STRING_CATALOGS = YES;
				MTL_ENABLE_DEBUG_INFO = INCLUDE_SOURCE;
				MTL_FAST_MATH = YES;
				ONLY_ACTIVE_ARCH = YES;
				SWIFT_ACTIVE_COMPILATION_CONDITIONS = "DEBUG $(inherited)";
				SWIFT_OPTIMIZATION_LEVEL = "-Onone";
			};
			name = Debug;
		};
		5FF57FF52F7B2C8E0080011A /* Release */ = {
			isa = XCBuildConfiguration;
			buildSettings = {
				ALWAYS_SEARCH_USER_PATHS = NO;
				ASSETCATALOG_COMPILER_GENERATE_SWIFT_ASSET_SYMBOL_EXTENSIONS = YES;
				CLANG_ANALYZER_NONNULL = YES;
				CLANG_ANALYZER_NUMBER_OBJECT_CONVERSION = YES_AGGRESSIVE;
				CLANG_CXX_LANGUAGE_STANDARD = "gnu++20";
				CLANG_ENABLE_MODULES = YES;
				CLANG_ENABLE_OBJC_ARC = YES;
				CLANG_ENABLE_OBJC_WEAK = YES;
				CLANG_WARN_BLOCK_CAPTURE_AUTORELEASING = YES;
				CLANG_WARN_BOOL_CONVERSION = YES;
				CLANG_WARN_COMMA = YES;
				CLANG_WARN_CONSTANT_CONVERSION = YES;
				CLANG_WARN_DEPRECATED_OBJC_IMPLEMENTATIONS = YES;
				CLANG_WARN_DIRECT_OBJC_ISA_USAGE = YES_ERROR;
				CLANG_WARN_DOCUMENTATION_COMMENTS = YES;
				CLANG_WARN_EMPTY_BODY = YES;
				CLANG_WARN_ENUM_CONVERSION = YES;
				CLANG_WARN_INFINITE_RECURSION = YES;
				CLANG_WARN_INT_CONVERSION = YES;
				CLANG_WARN_NON_LITERAL_NULL_CONVERSION = YES;
				CLANG_WARN_OBJC_IMPLICIT_RETAIN_SELF = YES;
				CLANG_WARN_OBJC_LITERAL_CONVERSION = YES;
				CLANG_WARN_OBJC_ROOT_CLASS = YES_ERROR;
				CLANG_WARN_QUOTED_INCLUDE_IN_FRAMEWORK_HEADER = YES;
				CLANG_WARN_RANGE_LOOP_ANALYSIS = YES;
				CLANG_WARN_STRICT_PROTOTYPES = YES;
				CLANG_WARN_SUSPICIOUS_MOVE = YES;
				CLANG_WARN_UNGUARDED_AVAILABILITY = YES_AGGRESSIVE;
				CLANG_WARN_UNREACHABLE_CODE = YES;
				CLANG_WARN__DUPLICATE_METHOD_MATCH = YES;
				COPY_PHASE_STRIP = NO;
				DEBUG_INFORMATION_FORMAT = "dwarf-with-dsym";
				ENABLE_NS_ASSERTIONS = NO;
				ENABLE_STRICT_OBJC_MSGSEND = YES;
				ENABLE_USER_SCRIPT_SANDBOXING = YES;
				GCC_C_LANGUAGE_STANDARD = gnu17;
				GCC_NO_COMMON_BLOCKS = YES;
				GCC_WARN_64_TO_32_BIT_CONVERSION = YES;
				GCC_WARN_ABOUT_RETURN_TYPE = YES_ERROR;
				GCC_WARN_UNDECLARED_SELECTOR = YES;
				GCC_WARN_UNINITIALIZED_AUTOS = YES_AGGRESSIVE;
				GCC_WARN_UNUSED_FUNCTION = YES;
				GCC_WARN_UNUSED_VARIABLE = YES;
				LOCALIZATION_PREFERS_STRING_CATALOGS = YES;
				MTL_ENABLE_DEBUG_INFO = NO;
				MTL_FAST_MATH = YES;
				SWIFT_COMPILATION_MODE = wholemodule;
			};
			name = Release;
		};
		5FF57FF72F7B2C8E0080011A /* Debug */ = {
			isa = XCBuildConfiguration;
			buildSettings = {
				ASSETCATALOG_COMPILER_APPICON_NAME = AppIcon;
				ASSETCATALOG_COMPILER_GLOBAL_ACCENT_COLOR_NAME = AccentColor;
				CODE_SIGN_ENTITLEMENTS = MorningGuard/MorningGuard.entitlements;
				CODE_SIGN_STYLE = Automatic;
				CURRENT_PROJECT_VERSION = 1;
				DEVELOPMENT_TEAM = 42N6589XL7;
				ENABLE_APP_SANDBOX = YES;
				ENABLE_PREVIEWS = YES;
				ENABLE_USER_SELECTED_FILES = readonly;
				GENERATE_INFOPLIST_FILE = YES;
				"INFOPLIST_KEY_UIApplicationSceneManifest_Generation[sdk=iphoneos*]" = YES;
				"INFOPLIST_KEY_UIApplicationSceneManifest_Generation[sdk=iphonesimulator*]" = YES;
				"INFOPLIST_KEY_UIApplicationSupportsIndirectInputEvents[sdk=iphoneos*]" = YES;
				"INFOPLIST_KEY_UIApplicationSupportsIndirectInputEvents[sdk=iphonesimulator*]" = YES;
				"INFOPLIST_KEY_UILaunchScreen_Generation[sdk=iphoneos*]" = YES;
				"INFOPLIST_KEY_UILaunchScreen_Generation[sdk=iphonesimulator*]" = YES;
				"INFOPLIST_KEY_UIStatusBarStyle[sdk=iphoneos*]" = UIStatusBarStyleDefault;
				"INFOPLIST_KEY_UIStatusBarStyle[sdk=iphonesimulator*]" = UIStatusBarStyleDefault;
				INFOPLIST_KEY_UISupportedInterfaceOrientations_iPad = "UIInterfaceOrientationPortrait UIInterfaceOrientationPortraitUpsideDown UIInterfaceOrientationLandscapeLeft UIInterfaceOrientationLandscapeRight";
				INFOPLIST_KEY_UISupportedInterfaceOrientations_iPhone = "UIInterfaceOrientationPortrait UIInterfaceOrientationLandscapeLeft UIInterfaceOrientationLandscapeRight";
				IPHONEOS_DEPLOYMENT_TARGET = 17.6;
				LD_RUNPATH_SEARCH_PATHS = "@executable_path/Frameworks";
				"LD_RUNPATH_SEARCH_PATHS[sdk=macosx*]" = "@executable_path/../Frameworks";
				MACOSX_DEPLOYMENT_TARGET = 26.2;
				MARKETING_VERSION = 1.0;
				PRODUCT_BUNDLE_IDENTIFIER = com.alex.MorningGuard;
				PRODUCT_NAME = "$(TARGET_NAME)";
				REGISTER_APP_GROUPS = YES;
				SDKROOT = auto;
				STRING_CATALOG_GENERATE_SYMBOLS = YES;
				SUPPORTED_PLATFORMS = "iphoneos iphonesimulator";
				SUPPORTS_MACCATALYST = NO;
				SWIFT_APPROACHABLE_CONCURRENCY = YES;
				SWIFT_DEFAULT_ACTOR_ISOLATION = MainActor;
				SWIFT_EMIT_LOC_STRINGS = YES;
				SWIFT_UPCOMING_FEATURE_MEMBER_IMPORT_VISIBILITY = YES;
				SWIFT_VERSION = 5.0;
				TARGETED_DEVICE_FAMILY = "1,2";
				XROS_DEPLOYMENT_TARGET = 26.2;
			};
			name = Debug;
		};
		5FF57FF82F7B2C8E0080011A /* Release */ = {
			isa = XCBuildConfiguration;
			buildSettings = {
				ASSETCATALOG_COMPILER_APPICON_NAME = AppIcon;
				ASSETCATALOG_COMPILER_GLOBAL_ACCENT_COLOR_NAME = AccentColor;
				CODE_SIGN_ENTITLEMENTS = MorningGuard/MorningGuard.entitlements;
				CODE_SIGN_STYLE = Automatic;
				CURRENT_PROJECT_VERSION = 1;
				DEVELOPMENT_TEAM = 42N6589XL7;
				ENABLE_APP_SANDBOX = YES;
				ENABLE_PREVIEWS = YES;
				ENABLE_USER_SELECTED_FILES = readonly;
				GENERATE_INFOPLIST_FILE = YES;
				"INFOPLIST_KEY_UIApplicationSceneManifest_Generation[sdk=iphoneos*]" = YES;
				"INFOPLIST_KEY_UIApplicationSceneManifest_Generation[sdk=iphonesimulator*]" = YES;
				"INFOPLIST_KEY_UIApplicationSupportsIndirectInputEvents[sdk=iphoneos*]" = YES;
				"INFOPLIST_KEY_UIApplicationSupportsIndirectInputEvents[sdk=iphonesimulator*]" = YES;
				"INFOPLIST_KEY_UILaunchScreen_Generation[sdk=iphoneos*]" = YES;
				"INFOPLIST_KEY_UILaunchScreen_Generation[sdk=iphonesimulator*]" = YES;
				"INFOPLIST_KEY_UIStatusBarStyle[sdk=iphoneos*]" = UIStatusBarStyleDefault;
				"INFOPLIST_KEY_UIStatusBarStyle[sdk=iphonesimulator*]" = UIStatusBarStyleDefault;
				INFOPLIST_KEY_UISupportedInterfaceOrientations_iPad = "UIInterfaceOrientationPortrait UIInterfaceOrientationPortraitUpsideDown UIInterfaceOrientationLandscapeLeft UIInterfaceOrientationLandscapeRight";
				INFOPLIST_KEY_UISupportedInterfaceOrientations_iPhone = "UIInterfaceOrientationPortrait UIInterfaceOrientationLandscapeLeft UIInterfaceOrientationLandscapeRight";
				IPHONEOS_DEPLOYMENT_TARGET = 17.6;
				LD_RUNPATH_SEARCH_PATHS = "@executable_path/Frameworks";
				"LD_RUNPATH_SEARCH_PATHS[sdk=macosx*]" = "@executable_path/../Frameworks";
				MACOSX_DEPLOYMENT_TARGET = 26.2;
				MARKETING_VERSION = 1.0;
				PRODUCT_BUNDLE_IDENTIFIER = com.alex.MorningGuard;
				PRODUCT_NAME = "$(TARGET_NAME)";
				REGISTER_APP_GROUPS = YES;
				SDKROOT = auto;
				STRING_CATALOG_GENERATE_SYMBOLS = YES;
				SUPPORTED_PLATFORMS = "iphoneos iphonesimulator";
				SUPPORTS_MACCATALYST = NO;
				SWIFT_APPROACHABLE_CONCURRENCY = YES;
				SWIFT_DEFAULT_ACTOR_ISOLATION = MainActor;
				SWIFT_EMIT_LOC_STRINGS = YES;
				SWIFT_UPCOMING_FEATURE_MEMBER_IMPORT_VISIBILITY = YES;
				SWIFT_VERSION = 5.0;
				TARGETED_DEVICE_FAMILY = "1,2";
				XROS_DEPLOYMENT_TARGET = 26.2;
			};
			name = Release;
		};
		5FF57FFA2F7B2C8E0080011A /* Debug */ = {
			isa = XCBuildConfiguration;
			buildSettings = {
				BUNDLE_LOADER = "$(TEST_HOST)";
				CODE_SIGN_STYLE = Automatic;
				CURRENT_PROJECT_VERSION = 1;
				GENERATE_INFOPLIST_FILE = YES;
				IPHONEOS_DEPLOYMENT_TARGET = 26.2;
				MACOSX_DEPLOYMENT_TARGET = 26.2;
				MARKETING_VERSION = 1.0;
				PRODUCT_BUNDLE_IDENTIFIER = com.alex.MorningGuardTests;
				PRODUCT_NAME = "$(TARGET_NAME)";
				SDKROOT = auto;
				STRING_CATALOG_GENERATE_SYMBOLS = NO;
				SUPPORTED_PLATFORMS = "iphoneos iphonesimulator";
				SUPPORTS_MACCATALYST = NO;
				SWIFT_APPROACHABLE_CONCURRENCY = YES;
				SWIFT_EMIT_LOC_STRINGS = NO;
				SWIFT_UPCOMING_FEATURE_MEMBER_IMPORT_VISIBILITY = YES;
				SWIFT_VERSION = 5.0;
				TARGETED_DEVICE_FAMILY = "1,2";
				TEST_HOST = "$(BUILT_PRODUCTS_DIR)/MorningGuard.app/$(BUNDLE_EXECUTABLE_FOLDER_PATH)/MorningGuard";
				XROS_DEPLOYMENT_TARGET = 26.2;
			};
			name = Debug;
		};
		5FF57FFB2F7B2C8E0080011A /* Release */ = {
			isa = XCBuildConfiguration;
			buildSettings = {
				BUNDLE_LOADER = "$(TEST_HOST)";
				CODE_SIGN_STYLE = Automatic;
				CURRENT_PROJECT_VERSION = 1;
				GENERATE_INFOPLIST_FILE = YES;
				IPHONEOS_DEPLOYMENT_TARGET = 26.2;
				MACOSX_DEPLOYMENT_TARGET = 26.2;
				MARKETING_VERSION = 1.0;
				PRODUCT_BUNDLE_IDENTIFIER = com.alex.MorningGuardTests;
				PRODUCT_NAME = "$(TARGET_NAME)";
				SDKROOT = auto;
				STRING_CATALOG_GENERATE_SYMBOLS = NO;
				SUPPORTED_PLATFORMS = "iphoneos iphonesimulator";
				SUPPORTS_MACCATALYST = NO;
				SWIFT_APPROACHABLE_CONCURRENCY = YES;
				SWIFT_EMIT_LOC_STRINGS = NO;
				SWIFT_UPCOMING_FEATURE_MEMBER_IMPORT_VISIBILITY = YES;
				SWIFT_VERSION = 5.0;
				TARGETED_DEVICE_FAMILY = "1,2";
				TEST_HOST = "$(BUILT_PRODUCTS_DIR)/MorningGuard.app/$(BUNDLE_EXECUTABLE_FOLDER_PATH)/MorningGuard";
				XROS_DEPLOYMENT_TARGET = 26.2;
			};
			name = Release;
		};
		5FF57FFD2F7B2C8E0080011A /* Debug */ = {
			isa = XCBuildConfiguration;
			buildSettings = {
				CODE_SIGN_STYLE = Automatic;
				CURRENT_PROJECT_VERSION = 1;
				GENERATE_INFOPLIST_FILE = YES;
				IPHONEOS_DEPLOYMENT_TARGET = 26.2;
				MACOSX_DEPLOYMENT_TARGET = 26.2;
				MARKETING_VERSION = 1.0;
				PRODUCT_BUNDLE_IDENTIFIER = com.alex.MorningGuardUITests;
				PRODUCT_NAME = "$(TARGET_NAME)";
				SDKROOT = auto;
				STRING_CATALOG_GENERATE_SYMBOLS = NO;
				SUPPORTED_PLATFORMS = "iphoneos iphonesimulator";
				SUPPORTS_MACCATALYST = NO;
				SWIFT_APPROACHABLE_CONCURRENCY = YES;
				SWIFT_EMIT_LOC_STRINGS = NO;
				SWIFT_UPCOMING_FEATURE_MEMBER_IMPORT_VISIBILITY = YES;
				SWIFT_VERSION = 5.0;
				TARGETED_DEVICE_FAMILY = "1,2";
				TEST_TARGET_NAME = MorningGuard;
				XROS_DEPLOYMENT_TARGET = 26.2;
			};
			name = Debug;
		};
		5FF57FFE2F7B2C8E0080011A /* Release */ = {
			isa = XCBuildConfiguration;
			buildSettings = {
				CODE_SIGN_STYLE = Automatic;
				CURRENT_PROJECT_VERSION = 1;
				GENERATE_INFOPLIST_FILE = YES;
				IPHONEOS_DEPLOYMENT_TARGET = 26.2;
				MACOSX_DEPLOYMENT_TARGET = 26.2;
				MARKETING_VERSION = 1.0;
				PRODUCT_BUNDLE_IDENTIFIER = com.alex.MorningGuardUITests;
				PRODUCT_NAME = "$(TARGET_NAME)";
				SDKROOT = auto;
				STRING_CATALOG_GENERATE_SYMBOLS = NO;
				SUPPORTED_PLATFORMS = "iphoneos iphonesimulator";
				SUPPORTS_MACCATALYST = NO;
				SWIFT_APPROACHABLE_CONCURRENCY = YES;
				SWIFT_EMIT_LOC_STRINGS = NO;
				SWIFT_UPCOMING_FEATURE_MEMBER_IMPORT_VISIBILITY = YES;
				SWIFT_VERSION = 5.0;
				TARGETED_DEVICE_FAMILY = "1,2";
				TEST_TARGET_NAME = MorningGuard;
				XROS_DEPLOYMENT_TARGET = 26.2;
			};
			name = Release;
		};
		5FF580252F7B36200080011A /* Debug */ = {
			isa = XCBuildConfiguration;
			buildSettings = {
				CLANG_ENABLE_MODULES = YES;
				CODE_SIGN_ENTITLEMENTS = "MorningGuardExtension MorningGuardExtension MorningGuardExtension/MorningGuardExtension_MorningGuardExtension_MorningGuardExtension.entitlements";
				CODE_SIGN_STYLE = Automatic;
				CURRENT_PROJECT_VERSION = 1;
				DEVELOPMENT_TEAM = 42N6589XL7;
				GENERATE_INFOPLIST_FILE = YES;
				INFOPLIST_FILE = "MorningGuardExtension MorningGuardExtension MorningGuardExtension/Info.plist";
				INFOPLIST_KEY_CFBundleDisplayName = "MorningGuardExtension MorningGuardExtension MorningGuardExtension";
				INFOPLIST_KEY_NSHumanReadableCopyright = "";
				IPHONEOS_DEPLOYMENT_TARGET = 26.2;
				LD_RUNPATH_SEARCH_PATHS = (
					"$(inherited)",
					"@executable_path/Frameworks",
					"@executable_path/../../Frameworks",
				);
				MARKETING_VERSION = 1.0;
				PRODUCT_BUNDLE_IDENTIFIER = "com.alex.MorningGuard.MorningGuardExtension-MorningGuardExtension-MorningGuardExtension";
				PRODUCT_NAME = "$(TARGET_NAME)";
				SDKROOT = iphoneos;
				SKIP_INSTALL = YES;
				STRING_CATALOG_GENERATE_SYMBOLS = YES;
				SUPPORTED_PLATFORMS = "iphoneos iphonesimulator";
				SUPPORTS_MACCATALYST = NO;
				SUPPORTS_MAC_DESIGNED_FOR_IPHONE_IPAD = NO;
				SUPPORTS_XR_DESIGNED_FOR_IPHONE_IPAD = NO;
				SWIFT_APPROACHABLE_CONCURRENCY = YES;
				SWIFT_EMIT_LOC_STRINGS = YES;
				SWIFT_OBJC_BRIDGING_HEADER = "MorningGuardExtension MorningGuardExtension MorningGuardExtension/MorningGuardExtension MorningGuardExtension MorningGuardExtension-Bridging-Header.h";
				SWIFT_OPTIMIZATION_LEVEL = "-Onone";
				SWIFT_UPCOMING_FEATURE_MEMBER_IMPORT_VISIBILITY = YES;
				SWIFT_VERSION = 5.0;
				TARGETED_DEVICE_FAMILY = "1,2";
			};
			name = Debug;
		};
		5FF580262F7B36200080011A /* Release */ = {
			isa = XCBuildConfiguration;
			buildSettings = {
				CLANG_ENABLE_MODULES = YES;
				CODE_SIGN_ENTITLEMENTS = "MorningGuardExtension MorningGuardExtension MorningGuardExtension/MorningGuardExtension_MorningGuardExtension_MorningGuardExtension.entitlements";
				CODE_SIGN_STYLE = Automatic;
				CURRENT_PROJECT_VERSION = 1;
				DEVELOPMENT_TEAM = 42N6589XL7;
				GENERATE_INFOPLIST_FILE = YES;
				INFOPLIST_FILE = "MorningGuardExtension MorningGuardExtension MorningGuardExtension/Info.plist";
				INFOPLIST_KEY_CFBundleDisplayName = "MorningGuardExtension MorningGuardExtension MorningGuardExtension";
				INFOPLIST_KEY_NSHumanReadableCopyright = "";
				IPHONEOS_DEPLOYMENT_TARGET = 26.2;
				LD_RUNPATH_SEARCH_PATHS = (
					"$(inherited)",
					"@executable_path/Frameworks",
					"@executable_path/../../Frameworks",
				);
				MARKETING_VERSION = 1.0;
				PRODUCT_BUNDLE_IDENTIFIER = "com.alex.MorningGuard.MorningGuardExtension-MorningGuardExtension-MorningGuardExtension";
				PRODUCT_NAME = "$(TARGET_NAME)";
				SDKROOT = iphoneos;
				SKIP_INSTALL = YES;
				STRING_CATALOG_GENERATE_SYMBOLS = YES;
				SUPPORTED_PLATFORMS = "iphoneos iphonesimulator";
				SUPPORTS_MACCATALYST = NO;
				SUPPORTS_MAC_DESIGNED_FOR_IPHONE_IPAD = NO;
				SUPPORTS_XR_DESIGNED_FOR_IPHONE_IPAD = NO;
				SWIFT_APPROACHABLE_CONCURRENCY = YES;
				SWIFT_EMIT_LOC_STRINGS = YES;
				SWIFT_OBJC_BRIDGING_HEADER = "MorningGuardExtension MorningGuardExtension MorningGuardExtension/MorningGuardExtension MorningGuardExtension MorningGuardExtension-Bridging-Header.h";
				SWIFT_UPCOMING_FEATURE_MEMBER_IMPORT_VISIBILITY = YES;
				SWIFT_VERSION = 5.0;
				TARGETED_DEVICE_FAMILY = "1,2";
				VALIDATE_PRODUCT = YES;
			};
			name = Release;
		};
		5FF5803E2F7B95C80080011A /* Debug */ = {
			isa = XCBuildConfiguration;
			buildSettings = {
				CLANG_ENABLE_MODULES = YES;
				CODE_SIGN_ENTITLEMENTS = MorningGuardShield/MorningGuardShield.entitlements;
				CODE_SIGN_STYLE = Automatic;
				CURRENT_PROJECT_VERSION = 1;
				DEVELOPMENT_TEAM = 42N6589XL7;
				GENERATE_INFOPLIST_FILE = YES;
				INFOPLIST_FILE = MorningGuardShield/Info.plist;
				INFOPLIST_KEY_CFBundleDisplayName = MorningGuardShield;
				INFOPLIST_KEY_NSHumanReadableCopyright = "";
				IPHONEOS_DEPLOYMENT_TARGET = 17.6;
				LD_RUNPATH_SEARCH_PATHS = (
					"$(inherited)",
					"@executable_path/Frameworks",
					"@executable_path/../../Frameworks",
				);
				MARKETING_VERSION = 1.0;
				PRODUCT_BUNDLE_IDENTIFIER = com.alex.MorningGuard.MorningGuardShield;
				PRODUCT_NAME = "$(TARGET_NAME)";
				SDKROOT = iphoneos;
				SKIP_INSTALL = YES;
				STRING_CATALOG_GENERATE_SYMBOLS = YES;
				SUPPORTED_PLATFORMS = "iphoneos iphonesimulator";
				SUPPORTS_MACCATALYST = NO;
				SUPPORTS_MAC_DESIGNED_FOR_IPHONE_IPAD = NO;
				SUPPORTS_XR_DESIGNED_FOR_IPHONE_IPAD = NO;
				SWIFT_APPROACHABLE_CONCURRENCY = YES;
				SWIFT_EMIT_LOC_STRINGS = YES;
				SWIFT_OPTIMIZATION_LEVEL = "-Onone";
				SWIFT_UPCOMING_FEATURE_MEMBER_IMPORT_VISIBILITY = YES;
				SWIFT_VERSION = 5.0;
				TARGETED_DEVICE_FAMILY = "1,2";
			};
			name = Debug;
		};
		5FF5803F2F7B95C80080011A /* Release */ = {
			isa = XCBuildConfiguration;
			buildSettings = {
				CLANG_ENABLE_MODULES = YES;
				CODE_SIGN_ENTITLEMENTS = MorningGuardShield/MorningGuardShield.entitlements;
				CODE_SIGN_STYLE = Automatic;
				CURRENT_PROJECT_VERSION = 1;
				DEVELOPMENT_TEAM = 42N6589XL7;
				GENERATE_INFOPLIST_FILE = YES;
				INFOPLIST_FILE = MorningGuardShield/Info.plist;
				INFOPLIST_KEY_CFBundleDisplayName = MorningGuardShield;
				INFOPLIST_KEY_NSHumanReadableCopyright = "";
				IPHONEOS_DEPLOYMENT_TARGET = 17.6;
				LD_RUNPATH_SEARCH_PATHS = (
					"$(inherited)",
					"@executable_path/Frameworks",
					"@executable_path/../../Frameworks",
				);
				MARKETING_VERSION = 1.0;
				PRODUCT_BUNDLE_IDENTIFIER = com.alex.MorningGuard.MorningGuardShield;
				PRODUCT_NAME = "$(TARGET_NAME)";
				SDKROOT = iphoneos;
				SKIP_INSTALL = YES;
				STRING_CATALOG_GENERATE_SYMBOLS = YES;
				SUPPORTED_PLATFORMS = "iphoneos iphonesimulator";
				SUPPORTS_MACCATALYST = NO;
				SUPPORTS_MAC_DESIGNED_FOR_IPHONE_IPAD = NO;
				SUPPORTS_XR_DESIGNED_FOR_IPHONE_IPAD = NO;
				SWIFT_APPROACHABLE_CONCURRENCY = YES;
				SWIFT_EMIT_LOC_STRINGS = YES;
				SWIFT_UPCOMING_FEATURE_MEMBER_IMPORT_VISIBILITY = YES;
				SWIFT_VERSION = 5.0;
				TARGETED_DEVICE_FAMILY = "1,2";
				VALIDATE_PRODUCT = YES;
			};
			name = Release;
		};
/* End XCBuildConfiguration section */

/* Begin XCConfigurationList section */
		5FF57FD02F7B2C8A0080011A /* Build configuration list for PBXProject "MorningGuard" */ = {
			isa = XCConfigurationList;
			buildConfigurations = (
				5FF57FF42F7B2C8E0080011A /* Debug */,
				5FF57FF52F7B2C8E0080011A /* Release */,
			);
			defaultConfigurationIsVisible = 0;
			defaultConfigurationName = Release;
		};
		5FF57FF62F7B2C8E0080011A /* Build configuration list for PBXNativeTarget "MorningGuard" */ = {
			isa = XCConfigurationList;
			buildConfigurations = (
				5FF57FF72F7B2C8E0080011A /* Debug */,
				5FF57FF82F7B2C8E0080011A /* Release */,
			);
			defaultConfigurationIsVisible = 0;
			defaultConfigurationName = Release;
		};
		5FF57FF92F7B2C8E0080011A /* Build configuration list for PBXNativeTarget "MorningGuardTests" */ = {
			isa = XCConfigurationList;
			buildConfigurations = (
				5FF57FFA2F7B2C8E0080011A /* Debug */,
				5FF57FFB2F7B2C8E0080011A /* Release */,
			);
			defaultConfigurationIsVisible = 0;
			defaultConfigurationName = Release;
		};
		5FF57FFC2F7B2C8E0080011A /* Build configuration list for PBXNativeTarget "MorningGuardUITests" */ = {
			isa = XCConfigurationList;
			buildConfigurations = (
				5FF57FFD2F7B2C8E0080011A /* Debug */,
				5FF57FFE2F7B2C8E0080011A /* Release */,
			);
			defaultConfigurationIsVisible = 0;
			defaultConfigurationName = Release;
		};
		5FF580242F7B36200080011A /* Build configuration list for PBXNativeTarget "MorningGuardExtension MorningGuardExtension MorningGuardExtension" */ = {
			isa = XCConfigurationList;
			buildConfigurations = (
				5FF580252F7B36200080011A /* Debug */,
				5FF580262F7B36200080011A /* Release */,
			);
			defaultConfigurationIsVisible = 0;
			defaultConfigurationName = Release;
		};
		5FF5803D2F7B95C80080011A /* Build configuration list for PBXNativeTarget "MorningGuardShield" */ = {
			isa = XCConfigurationList;
			buildConfigurations = (
				5FF5803E2F7B95C80080011A /* Debug */,
				5FF5803F2F7B95C80080011A /* Release */,
			);
			defaultConfigurationIsVisible = 0;
			defaultConfigurationName = Release;
		};
/* End XCConfigurationList section */
	};
	rootObject = 5FF57FCD2F7B2C8A0080011A /* Project object */;
}
